# This file is autogenerated, do not edit; changes may be undone by the next 'dep ensure'.


[[projects]]
  name = "github.com/djherbis/times"
  packages = ["."]
  revision = "95292e44976d1217cf3611dc7c8d9466877d3ed5"
  version = "v1.0.1"

[[projects]]
  name = "github.com/gorilla/context"
  packages = ["."]
  revision = "1ea25387ff6f684839d82767c1733ff4d4d15d0a"
  version = "v1.1"

[[projects]]
  name = "github.com/gorilla/handlers"
  packages = ["."]
  revision = "90663712d74cb411cbef281bc1e08c19d1a76145"
  version = "v1.3.0"

[[projects]]
  name = "github.com/gorilla/mux"
  packages = ["."]
  revision = "7f08801859139f86dfafd1c296e2cba9a80d292e"
  version = "v1.6.0"

[[projects]]
  branch = "master"
  name = "github.com/mitchellh/goamz"
  packages = ["aws","s3"]
  revision = "caaaea8b30ee15616494ee68abd5d8ebbbef05cf"

[[projects]]
  name = "github.com/rs/cors"
  packages = ["."]
  revision = "7af7a1e09ba336d2ea14b1ce73bf693c6837dbf6"
  version = "v1.2"

[[projects]]
  branch = "master"
  name = "github.com/thoas/gostorages"
  packages = ["."]
  revision = "e2229fc2f445b6a607e1fa0a1fe2d0f7cad8a97c"

[[projects]]
  branch = "master"
  name = "github.com/thoas/stats"
  packages = ["."]
  revision = "37829025d2242afb04d91572cb143e00019e2aac"

[[projects]]
  branch = "master"
  name = "github.com/vaughan0/go-ini"
  packages = ["."]
  revision = "a98ad7ee00ec53921f08832bc06ecf7fd600e6a1"

[[projects]]
  name = "gopkg.in/h2non/filetype.v0"
  packages = ["."]
  revision = "098c8d214a5ac605000f2a822fdc86793300cde6"
  version = "v0.1.0"

[[projects]]
  name = "gopkg.in/h2non/filetype.v1"
  packages = ["matchers","types"]
  revision = "22e255079ab40241c671d457081831d972f0436b"
  version = "v1.0.3"

[[projects]]
  name = "gopkg.in/tylerb/graceful.v1"
  packages = ["."]
  revision = "4654dfbb6ad53cb5e27f37d99b02e16c1872fbbb"
  version = "v1.2.15"

[[projects]]
  branch = "v2"
  name = "gopkg.in/yaml.v2"
  packages = ["."]
  revision = "eb3733d160e74a9c7e442f435eb3bea458e1d19f"

[solve-meta]
  analyzer-name = "dep"
  analyzer-version = 1
  inputs-digest = "64083ac22a74abefb476940b451435cf710c0b0936a49eb56bfc4a3949fbaacf"
  solver-name = "gps-cdcl"
  solver-version = 1
